
Microsoft Visual Studio Solution File, Format Version 12.00
# Visual Studio Version 17
VisualStudioVersion = 17.3.32819.101
MinimumVisualStudioVersion = 10.0.40219.1
Project("{9A19103F-16F7-4668-BE54-9A1E7A4F7556}") = "SecretNET", "SecretNET.csproj", "{DACD5268-3DED-4506-9AA1-499C6B9BAAB6}"
EndProject
Project("{9A19103F-16F7-4668-BE54-9A1E7A4F7556}") = "SecretNET.Tests", "..\test\SecretNET.Tests.csproj", "{8E466679-01AF-4767-A2DA-4634FB51CF40}"
EndProject
Project("{9A19103F-16F7-4668-BE54-9A1E7A4F7556}") = "SecretNET.Examples", "..\examples\SecretNET.Examples\SecretNET.Examples.csproj", "{B5D33958-B38D-48DE-847D-56307DCF6EEF}"
EndProject
Global
	GlobalSection(SolutionConfigurationPlatforms) = preSolution
		Debug|Any CPU = Debug|Any CPU
		Release|Any CPU = Release|Any CPU
	EndGlobalSection
	GlobalSection(ProjectConfigurationPlatforms) = postSolution
		{DACD5268-3DED-4506-9AA1-499C6B9BAAB6}.Debug|Any CPU.ActiveCfg = Debug|Any CPU
		{DACD5268-3DED-4506-9AA1-499C6B9BAAB6}.Debug|Any CPU.Build.0 = Debug|Any CPU
		{DACD5268-3DED-4506-9AA1-499C6B9BAAB6}.Release|Any CPU.ActiveCfg = Release|Any CPU
		{DACD5268-3DED-4506-9AA1-499C6B9BAAB6}.Release|Any CPU.Build.0 = Release|Any CPU
		{8E466679-01AF-4767-A2DA-4634FB51CF40}.Debug|Any CPU.ActiveCfg = Debug|Any CPU
		{8E466679-01AF-4767-A2DA-4634FB51CF40}.Debug|Any CPU.Build.0 = Debug|Any CPU
		{8E466679-01AF-4767-A2DA-4634FB51CF40}.Release|Any CPU.ActiveCfg = Release|Any CPU
		{8E466679-01AF-4767-A2DA-4634FB51CF40}.Release|Any CPU.Build.0 = Release|Any CPU
		{B5D33958-B38D-48DE-847D-56307DCF6EEF}.Debug|Any CPU.ActiveCfg = Debug|Any CPU
		{B5D33958-B38D-48DE-847D-56307DCF6EEF}.Debug|Any CPU.Build.0 = Debug|Any CPU
		{B5D33958-B38D-48DE-847D-56307DCF6EEF}.Release|Any CPU.ActiveCfg = Release|Any CPU
		{B5D33958-B38D-48DE-847D-56307DCF6EEF}.Release|Any CPU.Build.0 = Release|Any CPU
	EndGlobalSection
	GlobalSection(SolutionProperties) = preSolution
		HideSolutionNode = FALSE
	EndGlobalSection
	GlobalSection(ExtensibilityGlobals) = postSolution
		SolutionGuid = {1F60C2FC-22E1-48A7-9C05-EC91E17296B7}
	EndGlobalSection
EndGlobal
